
Microsoft Visual Studio Solution File, Format Version 12.00
# Visual Studio Version 17
VisualStudioVersion = 17.8.34330.188
MinimumVisualStudioVersion = 10.0.40219.1
Project("{2150E333-8FDC-42A3-9474-1A3956D46DE8}") = "Services", "Services", "{669DA446-52F4-4F18-8A67-C36E5FD36C4C}"
EndProject
Project("{2150E333-8FDC-42A3-9474-1A3956D46DE8}") = "Catalog", "Catalog", "{095B47D5-524B-4A25-B5DE-62AAFA6C6D2B}"
EndProject
Project("{FAE04EC0-301F-11D3-BF4B-00C04F79EFBC}") = "Catalog.API", "Services\Catalog\Catalog.API\Catalog.API.csproj", "{D387A509-DE0D-4864-B695-23899E670257}"
EndProject
Global
	GlobalSection(SolutionConfigurationPlatforms) = preSolution
		Debug|Any CPU = Debug|Any CPU
		Release|Any CPU = Release|Any CPU
	EndGlobalSection
	GlobalSection(ProjectConfigurationPlatforms) = postSolution
		{D387A509-DE0D-4864-B695-23899E670257}.Debug|Any CPU.ActiveCfg = Debug|Any CPU
		{D387A509-DE0D-4864-B695-23899E670257}.Debug|Any CPU.Build.0 = Debug|Any CPU
		{D387A509-DE0D-4864-B695-23899E670257}.Release|Any CPU.ActiveCfg = Release|Any CPU
		{D387A509-DE0D-4864-B695-23899E670257}.Release|Any CPU.Build.0 = Release|Any CPU
	EndGlobalSection
	GlobalSection(SolutionProperties) = preSolution
		HideSolutionNode = FALSE
	EndGlobalSection
	GlobalSection(NestedProjects) = preSolution
		{095B47D5-524B-4A25-B5DE-62AAFA6C6D2B} = {669DA446-52F4-4F18-8A67-C36E5FD36C4C}
		{D387A509-DE0D-4864-B695-23899E670257} = {095B47D5-524B-4A25-B5DE-62AAFA6C6D2B}
	EndGlobalSection
	GlobalSection(ExtensibilityGlobals) = postSolution
		SolutionGuid = {B18A6974-9F51-4EE5-9369-55EF64DEE31D}
	EndGlobalSection
EndGlobal
